
Microsoft Visual Studio Solution File, Format Version 12.00
# Visual Studio Version 17
VisualStudioVersion = 17.13.35931.197
MinimumVisualStudioVersion = 10.0.40219.1
Project("{FAE04EC0-301F-11D3-BF4B-00C04F79EFBC}") = "Trikotazo_Parduotuve", "Trikotazo_Parduotuve\Trikotazo_Parduotuve.csproj", "{2DB21964-1514-4D3E-93E2-BB3D5834CF85}"
EndProject
Global
	GlobalSection(SolutionConfigurationPlatforms) = preSolution
		Debug|Any CPU = Debug|Any CPU
		Release|Any CPU = Release|Any CPU
	EndGlobalSection
	GlobalSection(ProjectConfigurationPlatforms) = postSolution
		{2DB21964-1514-4D3E-93E2-BB3D5834CF85}.Debug|Any CPU.ActiveCfg = Debug|Any CPU
		{2DB21964-1514-4D3E-93E2-BB3D5834CF85}.Debug|Any CPU.Build.0 = Debug|Any CPU
		{2DB21964-1514-4D3E-93E2-BB3D5834CF85}.Release|Any CPU.ActiveCfg = Release|Any CPU
		{2DB21964-1514-4D3E-93E2-BB3D5834CF85}.Release|Any CPU.Build.0 = Release|Any CPU
	EndGlobalSection
	GlobalSection(SolutionProperties) = preSolution
		HideSolutionNode = FALSE
	EndGlobalSection
	GlobalSection(ExtensibilityGlobals) = postSolution
		SolutionGuid = {B5C2D20E-220A-4431-896A-786C809669ED}
	EndGlobalSection
EndGlobal
